
Microsoft Visual Studio Solution File, Format Version 12.00
# Visual Studio Version 17
VisualStudioVersion = 17.11.35312.102
MinimumVisualStudioVersion = 10.0.40219.1
Project("{FAE04EC0-301F-11D3-BF4B-00C04F79EFBC}") = "single_responsibility_principle", "single_responsibility_principle\single_responsibility_principle.csproj", "{98056D80-EC8C-4221-B6B5-A3CB2063F197}"
EndProject
Global
	GlobalSection(SolutionProperties) = preSolution
		HideSolutionNode = FALSE
	EndGlobalSection
	GlobalSection(ExtensibilityGlobals) = postSolution
		SolutionGuid = {8EEC63AA-4A59-47C9-A355-87F8550743F1}
	EndGlobalSection
	GlobalSection(SolutionConfigurationPlatforms) = preSolution
		Debug|Any CPU = Debug|Any CPU
		Debug|x64 = Debug|x64
		Debug|x86 = Debug|x86
		Release|Any CPU = Release|Any CPU
		Release|x64 = Release|x64
		Release|x86 = Release|x86
	EndGlobalSection
	GlobalSection(ProjectConfigurationPlatforms) = postSolution
		{98056D80-EC8C-4221-B6B5-A3CB2063F197}.Debug|Any CPU.ActiveCfg = Debug|Any CPU
		{98056D80-EC8C-4221-B6B5-A3CB2063F197}.Debug|Any CPU.Build.0 = Debug|Any CPU
		{98056D80-EC8C-4221-B6B5-A3CB2063F197}.Debug|x64.ActiveCfg = Debug|Any CPU
		{98056D80-EC8C-4221-B6B5-A3CB2063F197}.Debug|x64.Build.0 = Debug|Any CPU
		{98056D80-EC8C-4221-B6B5-A3CB2063F197}.Debug|x86.ActiveCfg = Debug|Any CPU
		{98056D80-EC8C-4221-B6B5-A3CB2063F197}.Debug|x86.Build.0 = Debug|Any CPU
		{98056D80-EC8C-4221-B6B5-A3CB2063F197}.Release|Any CPU.ActiveCfg = Release|Any CPU
		{98056D80-EC8C-4221-B6B5-A3CB2063F197}.Release|Any CPU.Build.0 = Release|Any CPU
		{98056D80-EC8C-4221-B6B5-A3CB2063F197}.Release|x64.ActiveCfg = Release|Any CPU
		{98056D80-EC8C-4221-B6B5-A3CB2063F197}.Release|x64.Build.0 = Release|Any CPU
		{98056D80-EC8C-4221-B6B5-A3CB2063F197}.Release|x86.ActiveCfg = Release|Any CPU
		{98056D80-EC8C-4221-B6B5-A3CB2063F197}.Release|x86.Build.0 = Release|Any CPU
	EndGlobalSection
EndGlobal
